
Microsoft Visual Studio Solution File, Format Version 12.00
# Visual Studio Version 17
VisualStudioVersion = 17.8.34330.188
MinimumVisualStudioVersion = 10.0.40219.1
Project("{9A19103F-16F7-4668-BE54-9A1E7A4F7556}") = "TaskList.API", "TaskList.API.csproj", "{C34C8559-64A6-44A9-AD3D-6C33FD29DB3C}"
EndProject
Project("{2150E333-8FDC-42A3-9474-1A3956D46DE8}") = "1 - API", "1 - API", "{A8712731-B1AD-4194-8D20-69F7937E0C75}"
EndProject
Project("{2150E333-8FDC-42A3-9474-1A3956D46DE8}") = "2 - Services", "2 - Services", "{188EC5D6-C5E4-4FB1-ADDB-F803AE415F13}"
EndProject
Project("{2150E333-8FDC-42A3-9474-1A3956D46DE8}") = "3 - Data", "3 - Data", "{A9986BD5-B18D-41E4-9DE1-4604EC80C815}"
EndProject
Project("{9A19103F-16F7-4668-BE54-9A1E7A4F7556}") = "TaskList.Services", "..\TaskList.Services\TaskList.Services.csproj", "{02A4A46C-F7E3-493D-84F4-A94A97998DDE}"
EndProject
Project("{9A19103F-16F7-4668-BE54-9A1E7A4F7556}") = "TaskList.Data", "..\TaskList.Data\TaskList.Data.csproj", "{F11565EC-3248-4A97-B777-0A8AC5961CE0}"
EndProject
Project("{2150E333-8FDC-42A3-9474-1A3956D46DE8}") = "4 - Tests", "4 - Tests", "{AD5CCF65-9C55-4D69-A520-E4A3F89E55AC}"
EndProject
Project("{9A19103F-16F7-4668-BE54-9A1E7A4F7556}") = "TaskList.Services.Test", "..\TaskList.Services.Test\TaskList.Services.Test.csproj", "{63E7576C-4381-475B-9469-6E4E1B39116F}"
EndProject
Global
	GlobalSection(SolutionConfigurationPlatforms) = preSolution
		Debug|Any CPU = Debug|Any CPU
		Release|Any CPU = Release|Any CPU
	EndGlobalSection
	GlobalSection(ProjectConfigurationPlatforms) = postSolution
		{C34C8559-64A6-44A9-AD3D-6C33FD29DB3C}.Debug|Any CPU.ActiveCfg = Debug|Any CPU
		{C34C8559-64A6-44A9-AD3D-6C33FD29DB3C}.Debug|Any CPU.Build.0 = Debug|Any CPU
		{C34C8559-64A6-44A9-AD3D-6C33FD29DB3C}.Release|Any CPU.ActiveCfg = Release|Any CPU
		{C34C8559-64A6-44A9-AD3D-6C33FD29DB3C}.Release|Any CPU.Build.0 = Release|Any CPU
		{02A4A46C-F7E3-493D-84F4-A94A97998DDE}.Debug|Any CPU.ActiveCfg = Debug|Any CPU
		{02A4A46C-F7E3-493D-84F4-A94A97998DDE}.Debug|Any CPU.Build.0 = Debug|Any CPU
		{02A4A46C-F7E3-493D-84F4-A94A97998DDE}.Release|Any CPU.ActiveCfg = Release|Any CPU
		{02A4A46C-F7E3-493D-84F4-A94A97998DDE}.Release|Any CPU.Build.0 = Release|Any CPU
		{F11565EC-3248-4A97-B777-0A8AC5961CE0}.Debug|Any CPU.ActiveCfg = Debug|Any CPU
		{F11565EC-3248-4A97-B777-0A8AC5961CE0}.Debug|Any CPU.Build.0 = Debug|Any CPU
		{F11565EC-3248-4A97-B777-0A8AC5961CE0}.Release|Any CPU.ActiveCfg = Release|Any CPU
		{F11565EC-3248-4A97-B777-0A8AC5961CE0}.Release|Any CPU.Build.0 = Release|Any CPU
		{63E7576C-4381-475B-9469-6E4E1B39116F}.Debug|Any CPU.ActiveCfg = Debug|Any CPU
		{63E7576C-4381-475B-9469-6E4E1B39116F}.Debug|Any CPU.Build.0 = Debug|Any CPU
		{63E7576C-4381-475B-9469-6E4E1B39116F}.Release|Any CPU.ActiveCfg = Release|Any CPU
		{63E7576C-4381-475B-9469-6E4E1B39116F}.Release|Any CPU.Build.0 = Release|Any CPU
	EndGlobalSection
	GlobalSection(SolutionProperties) = preSolution
		HideSolutionNode = FALSE
	EndGlobalSection
	GlobalSection(NestedProjects) = preSolution
		{C34C8559-64A6-44A9-AD3D-6C33FD29DB3C} = {A8712731-B1AD-4194-8D20-69F7937E0C75}
		{02A4A46C-F7E3-493D-84F4-A94A97998DDE} = {188EC5D6-C5E4-4FB1-ADDB-F803AE415F13}
		{F11565EC-3248-4A97-B777-0A8AC5961CE0} = {A9986BD5-B18D-41E4-9DE1-4604EC80C815}
		{63E7576C-4381-475B-9469-6E4E1B39116F} = {AD5CCF65-9C55-4D69-A520-E4A3F89E55AC}
	EndGlobalSection
	GlobalSection(ExtensibilityGlobals) = postSolution
		SolutionGuid = {9676409C-B5BA-4D0C-B451-30B8F7C8065F}
	EndGlobalSection
EndGlobal
